// !$*UTF8*$!
{
	archiveVersion = 1;
	classes = {
	};
	objectVersion = 46;
	objects = {

/* Begin PBXBuildFile section */
		3336664D22ED041F009CE02C /* Article.swift in Sources */ = {isa = PBXBuildFile; fileRef = 3336664C22ED041F009CE02C /* Article.swift */; };
		3336664F22ED0530009CE02C /* ArticleAPI.swift in Sources */ = {isa = PBXBuildFile; fileRef = 3336664E22ED0530009CE02C /* ArticleAPI.swift */; };
		3336665122ED12EF009CE02C /* NotificationNames.swift in Sources */ = {isa = PBXBuildFile; fileRef = 3336665022ED12EF009CE02C /* NotificationNames.swift */; };
		C3D2D3981CB7F9540049D449 /* AppDelegate.swift in Sources */ = {isa = PBXBuildFile; fileRef = C3D2D3971CB7F9540049D449 /* AppDelegate.swift */; };
		C3D2D39D1CB7F9540049D449 /* Main.storyboard in Resources */ = {isa = PBXBuildFile; fileRef = C3D2D39B1CB7F9540049D449 /* Main.storyboard */; };
		C3D2D39F1CB7F9540049D449 /* Assets.xcassets in Resources */ = {isa = PBXBuildFile; fileRef = C3D2D39E1CB7F9540049D449 /* Assets.xcassets */; };
		C3D2D3A21CB7F9540049D449 /* LaunchScreen.storyboard in Resources */ = {isa = PBXBuildFile; fileRef = C3D2D3A01CB7F9540049D449 /* LaunchScreen.storyboard */; };
		C3D2D3B81CB7F9B10049D449 /* ArticleListController.swift in Sources */ = {isa = PBXBuildFile; fileRef = C3D2D3B71CB7F9B10049D449 /* ArticleListController.swift */; };
		C3D2D3BA1CB7F9B80049D449 /* ArticleListProvider.swift in Sources */ = {isa = PBXBuildFile; fileRef = C3D2D3B91CB7F9B80049D449 /* ArticleListProvider.swift */; };
		C3D2D3BE1CB7F9EA0049D449 /* ArticleListProviderTests.swift in Sources */ = {isa = PBXBuildFile; fileRef = C3D2D3BD1CB7F9EA0049D449 /* ArticleListProviderTests.swift */; };
		C3D2D3BF1CB7FB790049D449 /* ArticleListController.swift in Sources */ = {isa = PBXBuildFile; fileRef = C3D2D3B71CB7F9B10049D449 /* ArticleListController.swift */; };
		C3D2D3C01CB7FB7C0049D449 /* ArticleViewController.swift in Sources */ = {isa = PBXBuildFile; fileRef = C3D2D3BB1CB7F9C10049D449 /* ArticleViewController.swift */; };
		C3D2D3C11CB7FB7C0049D449 /* ArticleViewController.swift in Sources */ = {isa = PBXBuildFile; fileRef = C3D2D3BB1CB7F9C10049D449 /* ArticleViewController.swift */; };
		C3D2D3C21CB7FB7E0049D449 /* ArticleListProvider.swift in Sources */ = {isa = PBXBuildFile; fileRef = C3D2D3B91CB7F9B80049D449 /* ArticleListProvider.swift */; };
		C3D2D3C31CB7FB810049D449 /* AppDelegate.swift in Sources */ = {isa = PBXBuildFile; fileRef = C3D2D3971CB7F9540049D449 /* AppDelegate.swift */; };
/* End PBXBuildFile section */

/* Begin PBXContainerItemProxy section */
		C3D2D3A91CB7F9540049D449 /* PBXContainerItemProxy */ = {
			isa = PBXContainerItemProxy;
			containerPortal = C3D2D38C1CB7F9540049D449 /* Project object */;
			proxyType = 1;
			remoteGlobalIDString = C3D2D3931CB7F9540049D449;
			remoteInfo = MartianNewsReader;
		};
/* End PBXContainerItemProxy section */

/* Begin PBXFileReference section */
		3336664C22ED041F009CE02C /* Article.swift */ = {isa = PBXFileReference; lastKnownFileType = sourcecode.swift; path = Article.swift; sourceTree = "<group>"; };
		3336664E22ED0530009CE02C /* ArticleAPI.swift */ = {isa = PBXFileReference; lastKnownFileType = sourcecode.swift; path = ArticleAPI.swift; sourceTree = "<group>"; };
		3336665022ED12EF009CE02C /* NotificationNames.swift */ = {isa = PBXFileReference; lastKnownFileType = sourcecode.swift; path = NotificationNames.swift; sourceTree = "<group>"; };
		C3D2D3941CB7F9540049D449 /* MartianNewsReader.app */ = {isa = PBXFileReference; explicitFileType = wrapper.application; includeInIndex = 0; path = MartianNewsReader.app; sourceTree = BUILT_PRODUCTS_DIR; };
		C3D2D3971CB7F9540049D449 /* AppDelegate.swift */ = {isa = PBXFileReference; lastKnownFileType = sourcecode.swift; path = AppDelegate.swift; sourceTree = "<group>"; };
		C3D2D39C1CB7F9540049D449 /* Base */ = {isa = PBXFileReference; lastKnownFileType = file.storyboard; name = Base; path = Base.lproj/Main.storyboard; sourceTree = "<group>"; };
		C3D2D39E1CB7F9540049D449 /* Assets.xcassets */ = {isa = PBXFileReference; lastKnownFileType = folder.assetcatalog; path = Assets.xcassets; sourceTree = "<group>"; };
		C3D2D3A11CB7F9540049D449 /* Base */ = {isa = PBXFileReference; lastKnownFileType = file.storyboard; name = Base; path = Base.lproj/LaunchScreen.storyboard; sourceTree = "<group>"; };
		C3D2D3A31CB7F9540049D449 /* Info.plist */ = {isa = PBXFileReference; lastKnownFileType = text.plist.xml; path = Info.plist; sourceTree = "<group>"; };
		C3D2D3A81CB7F9540049D449 /* MartianNewsReaderTests.xctest */ = {isa = PBXFileReference; explicitFileType = wrapper.cfbundle; includeInIndex = 0; path = MartianNewsReaderTests.xctest; sourceTree = BUILT_PRODUCTS_DIR; };
		C3D2D3AE1CB7F9540049D449 /* Info.plist */ = {isa = PBXFileReference; lastKnownFileType = text.plist.xml; path = Info.plist; sourceTree = "<group>"; };
		C3D2D3B71CB7F9B10049D449 /* ArticleListController.swift */ = {isa = PBXFileReference; fileEncoding = 4; lastKnownFileType = sourcecode.swift; path = ArticleListController.swift; sourceTree = "<group>"; };
		C3D2D3B91CB7F9B80049D449 /* ArticleListProvider.swift */ = {isa = PBXFileReference; fileEncoding = 4; lastKnownFileType = sourcecode.swift; path = ArticleListProvider.swift; sourceTree = "<group>"; };
		C3D2D3BB1CB7F9C10049D449 /* ArticleViewController.swift */ = {isa = PBXFileReference; fileEncoding = 4; lastKnownFileType = sourcecode.swift; path = ArticleViewController.swift; sourceTree = "<group>"; };
		C3D2D3BD1CB7F9EA0049D449 /* ArticleListProviderTests.swift */ = {isa = PBXFileReference; fileEncoding = 4; lastKnownFileType = sourcecode.swift; path = ArticleListProviderTests.swift; sourceTree = "<group>"; };
/* End PBXFileReference section */

/* Begin PBXFrameworksBuildPhase section */
		C3D2D3911CB7F9540049D449 /* Frameworks */ = {
			isa = PBXFrameworksBuildPhase;
			buildActionMask = 2147483647;
			files = (
			);
			runOnlyForDeploymentPostprocessing = 0;
		};
		C3D2D3A51CB7F9540049D449 /* Frameworks */ = {
			isa = PBXFrameworksBuildPhase;
			buildActionMask = 2147483647;
			files = (
			);
			runOnlyForDeploymentPostprocessing = 0;
		};
/* End PBXFrameworksBuildPhase section */

/* Begin PBXGroup section */
		3336664B22ED0410009CE02C /* Models */ = {
			isa = PBXGroup;
			children = (
				3336664C22ED041F009CE02C /* Article.swift */,
				3336664E22ED0530009CE02C /* ArticleAPI.swift */,
			);
			path = Models;
			sourceTree = "<group>";
		};
		C3D2D38B1CB7F9540049D449 = {
			isa = PBXGroup;
			children = (
				C3D2D3961CB7F9540049D449 /* MartianNewsReader */,
				C3D2D3AB1CB7F9540049D449 /* MartianNewsReaderTests */,
				C3D2D3951CB7F9540049D449 /* Products */,
			);
			sourceTree = "<group>";
		};
		C3D2D3951CB7F9540049D449 /* Products */ = {
			isa = PBXGroup;
			children = (
				C3D2D3941CB7F9540049D449 /* MartianNewsReader.app */,
				C3D2D3A81CB7F9540049D449 /* MartianNewsReaderTests.xctest */,
			);
			name = Products;
			sourceTree = "<group>";
		};
		C3D2D3961CB7F9540049D449 /* MartianNewsReader */ = {
			isa = PBXGroup;
			children = (
				3336664B22ED0410009CE02C /* Models */,
				C3D2D3971CB7F9540049D449 /* AppDelegate.swift */,
				C3D2D3B71CB7F9B10049D449 /* ArticleListController.swift */,
				3336665022ED12EF009CE02C /* NotificationNames.swift */,
				C3D2D3B91CB7F9B80049D449 /* ArticleListProvider.swift */,
				C3D2D3BB1CB7F9C10049D449 /* ArticleViewController.swift */,
				C3D2D39B1CB7F9540049D449 /* Main.storyboard */,
				C3D2D39E1CB7F9540049D449 /* Assets.xcassets */,
				C3D2D3A01CB7F9540049D449 /* LaunchScreen.storyboard */,
				C3D2D3A31CB7F9540049D449 /* Info.plist */,
			);
			path = MartianNewsReader;
			sourceTree = "<group>";
		};
		C3D2D3AB1CB7F9540049D449 /* MartianNewsReaderTests */ = {
			isa = PBXGroup;
			children = (
				C3D2D3AE1CB7F9540049D449 /* Info.plist */,
				C3D2D3BD1CB7F9EA0049D449 /* ArticleListProviderTests.swift */,
			);
			path = MartianNewsReaderTests;
			sourceTree = "<group>";
		};
/* End PBXGroup section */

/* Begin PBXNativeTarget section */
		C3D2D3931CB7F9540049D449 /* MartianNewsReader */ = {
			isa = PBXNativeTarget;
			buildConfigurationList = C3D2D3B11CB7F9540049D449 /* Build configuration list for PBXNativeTarget "MartianNewsReader" */;
			buildPhases = (
				C3D2D3901CB7F9540049D449 /* Sources */,
				C3D2D3911CB7F9540049D449 /* Frameworks */,
				C3D2D3921CB7F9540049D449 /* Resources */,
			);
			buildRules = (
			);
			dependencies = (
			);
			name = MartianNewsReader;
			productName = MartianNewsReader;
			productReference = C3D2D3941CB7F9540049D449 /* MartianNewsReader.app */;
			productType = "com.apple.product-type.application";
		};
		C3D2D3A71CB7F9540049D449 /* MartianNewsReaderTests */ = {
			isa = PBXNativeTarget;
			buildConfigurationList = C3D2D3B41CB7F9540049D449 /* Build configuration list for PBXNativeTarget "MartianNewsReaderTests" */;
			buildPhases = (
				C3D2D3A41CB7F9540049D449 /* Sources */,
				C3D2D3A51CB7F9540049D449 /* Frameworks */,
				C3D2D3A61CB7F9540049D449 /* Resources */,
			);
			buildRules = (
			);
			dependencies = (
				C3D2D3AA1CB7F9540049D449 /* PBXTargetDependency */,
			);
			name = MartianNewsReaderTests;
			productName = MartianNewsReaderTests;
			productReference = C3D2D3A81CB7F9540049D449 /* MartianNewsReaderTests.xctest */;
			productType = "com.apple.product-type.bundle.unit-test";
		};
/* End PBXNativeTarget section */

/* Begin PBXProject section */
		C3D2D38C1CB7F9540049D449 /* Project object */ = {
			isa = PBXProject;
			attributes = {
				LastSwiftUpdateCheck = 0730;
				LastUpgradeCheck = 0900;
				ORGANIZATIONNAME = NYTimes;
				TargetAttributes = {
					C3D2D3931CB7F9540049D449 = {
						CreatedOnToolsVersion = 7.3;
						DevelopmentTeam = W4U9WD8DKN;
						LastSwiftMigration = 0900;
					};
					C3D2D3A71CB7F9540049D449 = {
						CreatedOnToolsVersion = 7.3;
						LastSwiftMigration = 0900;
						TestTargetID = C3D2D3931CB7F9540049D449;
					};
				};
			};
			buildConfigurationList = C3D2D38F1CB7F9540049D449 /* Build configuration list for PBXProject "MartianNewsReader" */;
			compatibilityVersion = "Xcode 3.2";
			developmentRegion = English;
			hasScannedForEncodings = 0;
			knownRegions = (
				English,
				en,
				Base,
			);
			mainGroup = C3D2D38B1CB7F9540049D449;
			productRefGroup = C3D2D3951CB7F9540049D449 /* Products */;
			projectDirPath = "";
			projectRoot = "";
			targets = (
				C3D2D3931CB7F9540049D449 /* MartianNewsReader */,
				C3D2D3A71CB7F9540049D449 /* MartianNewsReaderTests */,
			);
		};
/* End PBXProject section */

/* Begin PBXResourcesBuildPhase section */
		C3D2D3921CB7F9540049D449 /* Resources */ = {
			isa = PBXResourcesBuildPhase;
			buildActionMask = 2147483647;
			files = (
				C3D2D3A21CB7F9540049D449 /* LaunchScreen.storyboard in Resources */,
				C3D2D39F1CB7F9540049D449 /* Assets.xcassets in Resources */,
				C3D2D39D1CB7F9540049D449 /* Main.storyboard in Resources */,
			);
			runOnlyForDeploymentPostprocessing = 0;
		};
		C3D2D3A61CB7F9540049D449 /* Resources */ = {
			isa = PBXResourcesBuildPhase;
			buildActionMask = 2147483647;
			files = (
			);
			runOnlyForDeploymentPostprocessing = 0;
		};
/* End PBXResourcesBuildPhase section */

/* Begin PBXSourcesBuildPhase section */
		C3D2D3901CB7F9540049D449 /* Sources */ = {
			isa = PBXSourcesBuildPhase;
			buildActionMask = 2147483647;
			files = (
				C3D2D3B81CB7F9B10049D449 /* ArticleListController.swift in Sources */,
				C3D2D3C11CB7FB7C0049D449 /* ArticleViewController.swift in Sources */,
				C3D2D3981CB7F9540049D449 /* AppDelegate.swift in Sources */,
				C3D2D3BA1CB7F9B80049D449 /* ArticleListProvider.swift in Sources */,
				3336665122ED12EF009CE02C /* NotificationNames.swift in Sources */,
				3336664D22ED041F009CE02C /* Article.swift in Sources */,
				3336664F22ED0530009CE02C /* ArticleAPI.swift in Sources */,
			);
			runOnlyForDeploymentPostprocessing = 0;
		};
		C3D2D3A41CB7F9540049D449 /* Sources */ = {
			isa = PBXSourcesBuildPhase;
			buildActionMask = 2147483647;
			files = (
				C3D2D3BF1CB7FB790049D449 /* ArticleListController.swift in Sources */,
				C3D2D3C01CB7FB7C0049D449 /* ArticleViewController.swift in Sources */,
				C3D2D3BE1CB7F9EA0049D449 /* ArticleListProviderTests.swift in Sources */,
				C3D2D3C31CB7FB810049D449 /* AppDelegate.swift in Sources */,
				C3D2D3C21CB7FB7E0049D449 /* ArticleListProvider.swift in Sources */,
			);
			runOnlyForDeploymentPostprocessing = 0;
		};
/* End PBXSourcesBuildPhase section */

/* Begin PBXTargetDependency section */
		C3D2D3AA1CB7F9540049D449 /* PBXTargetDependency */ = {
			isa = PBXTargetDependency;
			target = C3D2D3931CB7F9540049D449 /* MartianNewsReader */;
			targetProxy = C3D2D3A91CB7F9540049D449 /* PBXContainerItemProxy */;
		};
/* End PBXTargetDependency section */

/* Begin PBXVariantGroup section */
		C3D2D39B1CB7F9540049D449 /* Main.storyboard */ = {
			isa = PBXVariantGroup;
			children = (
				C3D2D39C1CB7F9540049D449 /* Base */,
			);
			name = Main.storyboard;
			sourceTree = "<group>";
		};
		C3D2D3A01CB7F9540049D449 /* LaunchScreen.storyboard */ = {
			isa = PBXVariantGroup;
			children = (
				C3D2D3A11CB7F9540049D449 /* Base */,
			);
			name = LaunchScreen.storyboard;
			sourceTree = "<group>";
		};
/* End PBXVariantGroup section */

/* Begin XCBuildConfiguration section */
		C3D2D3AF1CB7F9540049D449 /* Debug */ = {
			isa = XCBuildConfiguration;
			buildSettings = {
				ALWAYS_SEARCH_USER_PATHS = NO;
				CLANG_ANALYZER_NONNULL = YES;
				CLANG_CXX_LANGUAGE_STANDARD = "gnu++0x";
				CLANG_CXX_LIBRARY = "libc++";
				CLANG_ENABLE_MODULES = YES;
				CLANG_ENABLE_OBJC_ARC = YES;
				CLANG_WARN_BLOCK_CAPTURE_AUTORELEASING = YES;
				CLANG_WARN_BOOL_CONVERSION = YES;
				CLANG_WARN_COMMA = YES;
				CLANG_WARN_CONSTANT_CONVERSION = YES;
				CLANG_WARN_DIRECT_OBJC_ISA_USAGE = YES_ERROR;
				CLANG_WARN_EMPTY_BODY = YES;
				CLANG_WARN_ENUM_CONVERSION = YES;
				CLANG_WARN_INFINITE_RECURSION = YES;
				CLANG_WARN_INT_CONVERSION = YES;
				CLANG_WARN_NON_LITERAL_NULL_CONVERSION = YES;
				CLANG_WARN_OBJC_LITERAL_CONVERSION = YES;
				CLANG_WARN_OBJC_ROOT_CLASS = YES_ERROR;
				CLANG_WARN_RANGE_LOOP_ANALYSIS = YES;
				CLANG_WARN_STRICT_PROTOTYPES = YES;
				CLANG_WARN_SUSPICIOUS_MOVE = YES;
				CLANG_WARN_UNREACHABLE_CODE = YES;
				CLANG_WARN__DUPLICATE_METHOD_MATCH = YES;
				"CODE_SIGN_IDENTITY[sdk=iphoneos*]" = "iPhone Developer";
				COPY_PHASE_STRIP = NO;
				DEBUG_INFORMATION_FORMAT = dwarf;
				ENABLE_STRICT_OBJC_MSGSEND = YES;
				ENABLE_TESTABILITY = YES;
				GCC_C_LANGUAGE_STANDARD = gnu99;
				GCC_DYNAMIC_NO_PIC = NO;
				GCC_NO_COMMON_BLOCKS = YES;
				GCC_OPTIMIZATION_LEVEL = 0;
				GCC_PREPROCESSOR_DEFINITIONS = (
					"DEBUG=1",
					"$(inherited)",
				);
				GCC_WARN_64_TO_32_BIT_CONVERSION = YES;
				GCC_WARN_ABOUT_RETURN_TYPE = YES_ERROR;
				GCC_WARN_UNDECLARED_SELECTOR = YES;
				GCC_WARN_UNINITIALIZED_AUTOS = YES_AGGRESSIVE;
				GCC_WARN_UNUSED_FUNCTION = YES;
				GCC_WARN_UNUSED_VARIABLE = YES;
				IPHONEOS_DEPLOYMENT_TARGET = 9.3;
				MTL_ENABLE_DEBUG_INFO = YES;
				ONLY_ACTIVE_ARCH = YES;
				SDKROOT = iphoneos;
				SWIFT_OPTIMIZATION_LEVEL = "-Onone";
				TARGETED_DEVICE_FAMILY = "1,2";
			};
			name = Debug;
		};
		C3D2D3B01CB7F9540049D449 /* Release */ = {
			isa = XCBuildConfiguration;
			buildSettings = {
				ALWAYS_SEARCH_USER_PATHS = NO;
				CLANG_ANALYZER_NONNULL = YES;
				CLANG_CXX_LANGUAGE_STANDARD = "gnu++0x";
				CLANG_CXX_LIBRARY = "libc++";
				CLANG_ENABLE_MODULES = YES;
				CLANG_ENABLE_OBJC_ARC = YES;
				CLANG_WARN_BLOCK_CAPTURE_AUTORELEASING = YES;
				CLANG_WARN_BOOL_CONVERSION = YES;
				CLANG_WARN_COMMA = YES;
				CLANG_WARN_CONSTANT_CONVERSION = YES;
				CLANG_WARN_DIRECT_OBJC_ISA_USAGE = YES_ERROR;
				CLANG_WARN_EMPTY_BODY = YES;
				CLANG_WARN_ENUM_CONVERSION = YES;
				CLANG_WARN_INFINITE_RECURSION = YES;
				CLANG_WARN_INT_CONVERSION = YES;
				CLANG_WARN_NON_LITERAL_NULL_CONVERSION = YES;
				CLANG_WARN_OBJC_LITERAL_CONVERSION = YES;
				CLANG_WARN_OBJC_ROOT_CLASS = YES_ERROR;
				CLANG_WARN_RANGE_LOOP_ANALYSIS = YES;
				CLANG_WARN_STRICT_PROTOTYPES = YES;
				CLANG_WARN_SUSPICIOUS_MOVE = YES;
				CLANG_WARN_UNREACHABLE_CODE = YES;
				CLANG_WARN__DUPLICATE_METHOD_MATCH = YES;
				"CODE_SIGN_IDENTITY[sdk=iphoneos*]" = "iPhone Developer";
				COPY_PHASE_STRIP = NO;
				DEBUG_INFORMATION_FORMAT = "dwarf-with-dsym";
				ENABLE_NS_ASSERTIONS = NO;
				ENABLE_STRICT_OBJC_MSGSEND = YES;
				GCC_C_LANGUAGE_STANDARD = gnu99;
				GCC_NO_COMMON_BLOCKS = YES;
				GCC_WARN_64_TO_32_BIT_CONVERSION = YES;
				GCC_WARN_ABOUT_RETURN_TYPE = YES_ERROR;
				GCC_WARN_UNDECLARED_SELECTOR = YES;
				GCC_WARN_UNINITIALIZED_AUTOS = YES_AGGRESSIVE;
				GCC_WARN_UNUSED_FUNCTION = YES;
				GCC_WARN_UNUSED_VARIABLE = YES;
				IPHONEOS_DEPLOYMENT_TARGET = 9.3;
				MTL_ENABLE_DEBUG_INFO = NO;
				SDKROOT = iphoneos;
				SWIFT_OPTIMIZATION_LEVEL = "-Owholemodule";
				TARGETED_DEVICE_FAMILY = "1,2";
				VALIDATE_PRODUCT = YES;
			};
			name = Release;
		};
		C3D2D3B21CB7F9540049D449 /* Debug */ = {
			isa = XCBuildConfiguration;
			buildSettings = {
				ASSETCATALOG_COMPILER_APPICON_NAME = AppIcon;
				DEVELOPMENT_TEAM = W4U9WD8DKN;
				INFOPLIST_FILE = MartianNewsReader/Info.plist;
				LD_RUNPATH_SEARCH_PATHS = "$(inherited) @executable_path/Frameworks";
				PRODUCT_BUNDLE_IDENTIFIER = com.nytimes.MartianNewsReader;
				PRODUCT_NAME = "$(TARGET_NAME)";
				SWIFT_SWIFT3_OBJC_INFERENCE = On;
				SWIFT_VERSION = 4.0;
			};
			name = Debug;
		};
		C3D2D3B31CB7F9540049D449 /* Release */ = {
			isa = XCBuildConfiguration;
			buildSettings = {
				ASSETCATALOG_COMPILER_APPICON_NAME = AppIcon;
				DEVELOPMENT_TEAM = W4U9WD8DKN;
				INFOPLIST_FILE = MartianNewsReader/Info.plist;
				LD_RUNPATH_SEARCH_PATHS = "$(inherited) @executable_path/Frameworks";
				PRODUCT_BUNDLE_IDENTIFIER = com.nytimes.MartianNewsReader;
				PRODUCT_NAME = "$(TARGET_NAME)";
				SWIFT_SWIFT3_OBJC_INFERENCE = On;
				SWIFT_VERSION = 4.0;
			};
			name = Release;
		};
		C3D2D3B51CB7F9540049D449 /* Debug */ = {
			isa = XCBuildConfiguration;
			buildSettings = {
				BUNDLE_LOADER = "$(TEST_HOST)";
				CLANG_ENABLE_MODULES = YES;
				INFOPLIST_FILE = MartianNewsReaderTests/Info.plist;
				LD_RUNPATH_SEARCH_PATHS = "$(inherited) @executable_path/Frameworks @loader_path/Frameworks";
				PRODUCT_BUNDLE_IDENTIFIER = com.nytimes.MartianNewsReaderTests;
				PRODUCT_NAME = "$(TARGET_NAME)";
				SWIFT_OPTIMIZATION_LEVEL = "-Onone";
				SWIFT_SWIFT3_OBJC_INFERENCE = On;
				SWIFT_VERSION = 4.0;
				TEST_HOST = "$(BUILT_PRODUCTS_DIR)/MartianNewsReader.app/MartianNewsReader";
			};
			name = Debug;
		};
		C3D2D3B61CB7F9540049D449 /* Release */ = {
			isa = XCBuildConfiguration;
			buildSettings = {
				BUNDLE_LOADER = "$(TEST_HOST)";
				CLANG_ENABLE_MODULES = YES;
				INFOPLIST_FILE = MartianNewsReaderTests/Info.plist;
				LD_RUNPATH_SEARCH_PATHS = "$(inherited) @executable_path/Frameworks @loader_path/Frameworks";
				PRODUCT_BUNDLE_IDENTIFIER = com.nytimes.MartianNewsReaderTests;
				PRODUCT_NAME = "$(TARGET_NAME)";
				SWIFT_SWIFT3_OBJC_INFERENCE = On;
				SWIFT_VERSION = 4.0;
				TEST_HOST = "$(BUILT_PRODUCTS_DIR)/MartianNewsReader.app/MartianNewsReader";
			};
			name = Release;
		};
/* End XCBuildConfiguration section */

/* Begin XCConfigurationList section */
		C3D2D38F1CB7F9540049D449 /* Build configuration list for PBXProject "MartianNewsReader" */ = {
			isa = XCConfigurationList;
			buildConfigurations = (
				C3D2D3AF1CB7F9540049D449 /* Debug */,
				C3D2D3B01CB7F9540049D449 /* Release */,
			);
			defaultConfigurationIsVisible = 0;
			defaultConfigurationName = Release;
		};
		C3D2D3B11CB7F9540049D449 /* Build configuration list for PBXNativeTarget "MartianNewsReader" */ = {
			isa = XCConfigurationList;
			buildConfigurations = (
				C3D2D3B21CB7F9540049D449 /* Debug */,
				C3D2D3B31CB7F9540049D449 /* Release */,
			);
			defaultConfigurationIsVisible = 0;
			defaultConfigurationName = Release;
		};
		C3D2D3B41CB7F9540049D449 /* Build configuration list for PBXNativeTarget "MartianNewsReaderTests" */ = {
			isa = XCConfigurationList;
			buildConfigurations = (
				C3D2D3B51CB7F9540049D449 /* Debug */,
				C3D2D3B61CB7F9540049D449 /* Release */,
			);
			defaultConfigurationIsVisible = 0;
			defaultConfigurationName = Release;
		};
/* End XCConfigurationList section */
	};
	rootObject = C3D2D38C1CB7F9540049D449 /* Project object */;
}
